# THIS IS AN AUTOGENERATED FILE. DO NOT EDIT THIS FILE DIRECTLY.
# yarn lockfile v1


vue@^2.6.5:
  version "2.6.5"
  resolved "https://registry.yarnpkg.com/vue/-/vue-2.6.5.tgz#7a7e8723b875b91800e576aac41cb3ed325dddf0"
  integrity sha512-htb449YZnpJ5ts+JjXQHVuvH3R3dcaGBe6/ePAwtsRj4cA1FG/OI0rHDCSMs+L9ZHDzpX7ru//Usb/2R3XfQaQ==
