# THIS IS AN AUTOGENERATED FILE. DO NOT EDIT THIS FILE DIRECTLY.
# yarn lockfile v1


axios@^0.18.0:
  version "0.18.0"
  resolved "https://registry.yarnpkg.com/axios/-/axios-0.18.0.tgz#32d53e4851efdc0a11993b6cd000789d70c05102"
  integrity sha1-MtU+SFHv3AoRmTts0AB4nXDAUQI=
  dependencies:
    follow-redirects "^1.3.0"
    is-buffer "^1.1.5"

follow-redirects@^1.3.0:
  version "1.14.7"
  resolved "https://registry.yarnpkg.com/follow-redirects/-/follow-redirects-1.14.7.tgz#2004c02eb9436eee9a21446a6477debf17e81685"
  integrity sha512-+hbxoLbFMbRKDwohX8GkTataGqO6Jb7jGwpAlwgy2bIz25XtRm7KEzJM76R1WiNT5SwZkX4Y75SwBolkpmE7iQ==

is-buffer@^1.1.5:
  version "1.1.6"
  resolved "https://registry.yarnpkg.com/is-buffer/-/is-buffer-1.1.6.tgz#efaa2ea9daa0d7ab2ea13a97b2b8ad51fefbe8be"
  integrity sha512-NcdALwpXkTm5Zvvbk7owOUSvVvBKDgKP5/ewfXEznmQFfs4ZRmanOeKBTjRVjka3QFoN6XJ+9F3USqfHqTaU5w==

vue@^2.6.8:
  version "2.6.8"
  resolved "https://registry.yarnpkg.com/vue/-/vue-2.6.8.tgz#f21cbc536bfc14f7d1d792a137bb12f69e60ea91"
  integrity sha512-+vp9lEC2Kt3yom673pzg1J7T1NVGuGzO9j8Wxno+rQN2WYVBX2pyo/RGQ3fXCLh2Pk76Skw/laAPCuBuEQ4diw==

vuex@^3.1.0:
  version "3.1.0"
  resolved "https://registry.yarnpkg.com/vuex/-/vuex-3.1.0.tgz#634b81515cf0cfe976bd1ffe9601755e51f843b9"
  integrity sha512-mdHeHT/7u4BncpUZMlxNaIdcN/HIt1GsGG5LKByArvYG/v6DvHcOxvDCts+7SRdCoIRGllK8IMZvQtQXLppDYg==
