# THIS IS AN AUTOGENERATED FILE. DO NOT EDIT THIS FILE DIRECTLY.
# yarn lockfile v1


vue@^2.5.22:
  version "2.5.22"
  resolved "https://registry.yarnpkg.com/vue/-/vue-2.5.22.tgz#3bf88041af08b8539c37b268b70ca79245e9cc30"
  integrity sha512-pxY3ZHlXNJMFQbkjEgGVMaMMkSV1ONpz+4qB55kZuJzyJOhn6MSy/YZdzhdnumegNzVTL/Dn3Pp4UrVBYt1j/g==
